<?xml version="1.0" encoding="utf-8"?>
<Project DefaultTargets="Build" ToolsVersion="4.0" xmlns="http://schemas.microsoft.com/developer/msbuild/2003">
  <PropertyGroup>
    <Configuration Condition=" '$(Configuration)' == '' ">Debug</Configuration>
    <Platform Condition=" '$(Platform)' == '' ">AnyCPU</Platform>
    <ProjectGuid>{D589C288-B3C1-475B-BFB0-2391E0EA60EB}</ProjectGuid>
    <Compiler>DMD2</Compiler>
    <PreferOneStepBuild>true</PreferOneStepBuild>
    <UseDefaultCompiler>true</UseDefaultCompiler>
    <IncrementalLinking>true</IncrementalLinking>
  </PropertyGroup>
  <PropertyGroup Condition=" '$(Configuration)|$(Platform)' == 'Debug|AnyCPU' ">
    <DebugSymbols>true</DebugSymbols>
    <OutputPath>bin\Debug</OutputPath>
    <ObjectsDirectory>obj/Debug</ObjectsDirectory>
    <LinkinThirdPartyLibraries>false</LinkinThirdPartyLibraries>
    <UnittestMode>false</UnittestMode>
    <OutputName>train</OutputName>
    <Target>Executable</Target>
    <DebugLevel>0</DebugLevel>
    <ExtraLinkerArguments>-llua</ExtraLinkerArguments>
    <ConsolePause>false</ConsolePause>
  </PropertyGroup>
  <PropertyGroup Condition=" '$(Configuration)|$(Platform)' == 'Release|AnyCPU' ">
    <OutputPath>bin\Release</OutputPath>
    <ObjectsDirectory>obj/Release</ObjectsDirectory>
    <LinkinThirdPartyLibraries>false</LinkinThirdPartyLibraries>
    <UnittestMode>false</UnittestMode>
    <OutputName>train</OutputName>
    <Target>Executable</Target>
    <Externalconsole>true</Externalconsole>
    <DebugLevel>0</DebugLevel>
    <ExtraLinkerArguments>-llua</ExtraLinkerArguments>
    <ConsolePause>false</ConsolePause>
    <ExtraCompilerArguments>-O</ExtraCompilerArguments>
  </PropertyGroup>
  <PropertyGroup Condition=" '$(Configuration)|$(Platform)' == 'Unittest|AnyCPU' ">
    <DebugSymbols>true</DebugSymbols>
    <OutputPath>bin\Unittest</OutputPath>
    <ObjectsDirectory>obj/Unittest</ObjectsDirectory>
    <LinkinThirdPartyLibraries>false</LinkinThirdPartyLibraries>
    <UnittestMode>true</UnittestMode>
    <OutputName>train</OutputName>
    <Target>Executable</Target>
    <Externalconsole>true</Externalconsole>
    <DebugLevel>0</DebugLevel>
    <ExtraLinkerArguments>-llua</ExtraLinkerArguments>
    <ConsolePause>false</ConsolePause>
    <ExtraCompilerArguments>-profile</ExtraCompilerArguments>
  </PropertyGroup>
  <ItemGroup>
    <Compile Include="src\D\LinearEQs.d" />
    <Compile Include="src\D\LogFile.d" />
    <Compile Include="src\D\LuaScript.d" />
    <Compile Include="src\D\main.d" />
    <Compile Include="src\D\MathFuncs.d" />
    <Compile Include="src\D\matrix.d" />
    <Compile Include="src\D\Model.d" />
    <Compile Include="src\D\ODEqs.d" />
    <Compile Include="src\D\Train.d" />
    <Compile Include="src\D\lua_d_api\lauxlib.d" />
    <Compile Include="src\D\lua_d_api\lua.d" />
    <Compile Include="src\D\lua_d_api\luaconf.d" />
    <Compile Include="src\D\lua_d_api\lualib.d" />
    <Compile Include="src\D\Coupling.d" />
    <Compile Include="src\D\ConstReacts.d" />
    <Compile Include="src\D\EFCoupling.d" />
  </ItemGroup>
  <ItemGroup>
    <None Include="README.md" />
    <None Include="cfg\train.lua" />
  </ItemGroup>
</Project>