
Microsoft Visual Studio Solution File, Format Version 12.00
# Visual Studio 2012
Project("{3947E667-4C90-4C3A-BEB9-7148D6FE0D7C}") = "train", "train.dproj", "{D589C288-B3C1-475B-BFB0-2391E0EA60EB}"
EndProject
Project("{3947E667-4C90-4C3A-BEB9-7148D6FE0D7C}") = "launcher", "..\launcher\launcher.dproj", "{E3477710-4890-43E0-AE1E-CA569774CD2D}"
EndProject
Global
	GlobalSection(SolutionConfigurationPlatforms) = preSolution
		Debug|Any CPU = Debug|Any CPU
		Release|Any CPU = Release|Any CPU
		Unittest|Any CPU = Unittest|Any CPU
	EndGlobalSection
	GlobalSection(ProjectConfigurationPlatforms) = postSolution
		{D589C288-B3C1-475B-BFB0-2391E0EA60EB}.Debug|Any CPU.ActiveCfg = Debug|Any CPU
		{D589C288-B3C1-475B-BFB0-2391E0EA60EB}.Debug|Any CPU.Build.0 = Debug|Any CPU
		{D589C288-B3C1-475B-BFB0-2391E0EA60EB}.Release|Any CPU.ActiveCfg = Release|Any CPU
		{D589C288-B3C1-475B-BFB0-2391E0EA60EB}.Release|Any CPU.Build.0 = Release|Any CPU
		{D589C288-B3C1-475B-BFB0-2391E0EA60EB}.Unittest|Any CPU.ActiveCfg = Unittest|Any CPU
		{D589C288-B3C1-475B-BFB0-2391E0EA60EB}.Unittest|Any CPU.Build.0 = Unittest|Any CPU
		{E3477710-4890-43E0-AE1E-CA569774CD2D}.Debug|Any CPU.ActiveCfg = Debug|Any CPU
		{E3477710-4890-43E0-AE1E-CA569774CD2D}.Debug|Any CPU.Build.0 = Debug|Any CPU
		{E3477710-4890-43E0-AE1E-CA569774CD2D}.Release|Any CPU.ActiveCfg = Release|Any CPU
		{E3477710-4890-43E0-AE1E-CA569774CD2D}.Release|Any CPU.Build.0 = Release|Any CPU
		{E3477710-4890-43E0-AE1E-CA569774CD2D}.Unittest|Any CPU.ActiveCfg = Unittest|Any CPU
		{E3477710-4890-43E0-AE1E-CA569774CD2D}.Unittest|Any CPU.Build.0 = Unittest|Any CPU
	EndGlobalSection
EndGlobal
